// !$*UTF8*$!
{
	archiveVersion = 1;
	classes = {
	};
	objectVersion = 48;
	objects = {

/* Begin PBXBuildFile section */
		4A18B2E92000573700FA5BE3 /* mailimap_msg_att+parse.swift in Sources */ = {isa = PBXBuildFile; fileRef = 4A18B2E82000573700FA5BE3 /* mailimap_msg_att+parse.swift */; };
		4A18B2EB20005A7000FA5BE3 /* MessageFlag+mailimap_msg_att_dynamic.swift in Sources */ = {isa = PBXBuildFile; fileRef = 4A18B2EA20005A7000FA5BE3 /* MessageFlag+mailimap_msg_att_dynamic.swift */; };
		4A18B2ED20005A9200FA5BE3 /* mailimap_msg_att_dynamic+parse.swift in Sources */ = {isa = PBXBuildFile; fileRef = 4A18B2EC20005A9200FA5BE3 /* mailimap_msg_att_dynamic+parse.swift */; };
		4A18B2EE20005B6F00FA5BE3 /* mailimap_msg_att+parse.swift in Sources */ = {isa = PBXBuildFile; fileRef = 4A18B2E82000573700FA5BE3 /* mailimap_msg_att+parse.swift */; };
		4A1D2F1420030F0A00955F78 /* Int32+Error.swift in Sources */ = {isa = PBXBuildFile; fileRef = 4A1D2F1320030F0A00955F78 /* Int32+Error.swift */; };
		4A1D2F162003115C00955F78 /* MIMEError.swift in Sources */ = {isa = PBXBuildFile; fileRef = 4A1D2F152003115C00955F78 /* MIMEError.swift */; };
		4A46061E1FFF67D900DE63E5 /* Sequence+.swift in Sources */ = {isa = PBXBuildFile; fileRef = 4A46061D1FFF67D900DE63E5 /* Sequence+.swift */; };
		4A46CE581FF2A12B00837B6A /* libiconv.tbd in Frameworks */ = {isa = PBXBuildFile; fileRef = 4A46CE571FF2A12A00837B6A /* libiconv.tbd */; };
		4A49B46E2001E2C0004941CC /* MailPart+util.swift in Sources */ = {isa = PBXBuildFile; fileRef = 4A49B46D2001E2C0004941CC /* MailPart+util.swift */; };
		4A4B82071FF3863400D3C072 /* MessageFlags.swift in Sources */ = {isa = PBXBuildFile; fileRef = 4A4B82061FF3863400D3C072 /* MessageFlags.swift */; };
		4A773FA820004D5D000ECF50 /* Message+mailimap_msg_att.swift in Sources */ = {isa = PBXBuildFile; fileRef = 4A773FA720004D5D000ECF50 /* Message+mailimap_msg_att.swift */; };
		4A773FA920004D5D000ECF50 /* Message+mailimap_msg_att.swift in Sources */ = {isa = PBXBuildFile; fileRef = 4A773FA720004D5D000ECF50 /* Message+mailimap_msg_att.swift */; };
		4AC69B601FFCB01200341C83 /* MessageFlags.swift in Sources */ = {isa = PBXBuildFile; fileRef = 4A4B82061FF3863400D3C072 /* MessageFlags.swift */; };
		4AC69B611FFCB01900341C83 /* ImapSessionError.swift in Sources */ = {isa = PBXBuildFile; fileRef = 4AFF4FB51FF769AE00C2FC72 /* ImapSessionError.swift */; };
		4AC69B621FFCB02E00341C83 /* MessageHeader.swift in Sources */ = {isa = PBXBuildFile; fileRef = 4AFF4F721FF5C0DB00C2FC72 /* MessageHeader.swift */; };
		4AC69B631FFCB03000341C83 /* MessageHeader.swift in Sources */ = {isa = PBXBuildFile; fileRef = 4AFF4F721FF5C0DB00C2FC72 /* MessageHeader.swift */; };
		4AD033621FEE142D00084911 /* Pelican_iOS.h in Headers */ = {isa = PBXBuildFile; fileRef = 4AD033601FEE142D00084911 /* Pelican_iOS.h */; settings = {ATTRIBUTES = (Public, ); }; };
		4AD0336F1FEE14A100084911 /* Pelican_macOS.h in Headers */ = {isa = PBXBuildFile; fileRef = 4AD0336D1FEE14A100084911 /* Pelican_macOS.h */; settings = {ATTRIBUTES = (Public, ); }; };
		4AD033751FEE14FC00084911 /* ImapSession.swift in Sources */ = {isa = PBXBuildFile; fileRef = 4AD033741FEE14FC00084911 /* ImapSession.swift */; };
		4AD0337E1FEE341C00084911 /* libz.tbd in Frameworks */ = {isa = PBXBuildFile; fileRef = 4AD0337D1FEE341C00084911 /* libz.tbd */; };
		4AD033A41FEE3B2A00084911 /* ImapSession.swift in Sources */ = {isa = PBXBuildFile; fileRef = 4AD033741FEE14FC00084911 /* ImapSession.swift */; };
		4AD033A81FEE3BAC00084911 /* libz.tbd in Frameworks */ = {isa = PBXBuildFile; fileRef = 4AD033A71FEE3BAC00084911 /* libz.tbd */; };
		4AD033DB1FEEACE300084911 /* clist+utils.swift in Sources */ = {isa = PBXBuildFile; fileRef = 4AD033DA1FEEACE300084911 /* clist+utils.swift */; };
		4AD033DF1FEF755700084911 /* String+.swift in Sources */ = {isa = PBXBuildFile; fileRef = 4AD033DE1FEF755700084911 /* String+.swift */; };
		4AD3C3672009A29200326BB2 /* SearchKey.swift in Sources */ = {isa = PBXBuildFile; fileRef = 4AD3C3662009A29200326BB2 /* SearchKey.swift */; };
		4AD3C3682009A29A00326BB2 /* mailimap_msg_att_static+parse.swift in Sources */ = {isa = PBXBuildFile; fileRef = 4AE3905820005FFE001D479F /* mailimap_msg_att_static+parse.swift */; };
		4AD3C3692009A29A00326BB2 /* mailimap_msg_att_body_section+parse.swift in Sources */ = {isa = PBXBuildFile; fileRef = 4AE3905A200065B0001D479F /* mailimap_msg_att_body_section+parse.swift */; };
		4AD3C36A2009A29A00326BB2 /* mailimap_msg_att_dynamic+parse.swift in Sources */ = {isa = PBXBuildFile; fileRef = 4A18B2EC20005A9200FA5BE3 /* mailimap_msg_att_dynamic+parse.swift */; };
		4AD3C36B2009A33200326BB2 /* clist+utils.swift in Sources */ = {isa = PBXBuildFile; fileRef = 4AD033DA1FEEACE300084911 /* clist+utils.swift */; };
		4AD3C36D2009DB2300326BB2 /* SearchCondition.swift in Sources */ = {isa = PBXBuildFile; fileRef = 4AD3C36C2009DB2300326BB2 /* SearchCondition.swift */; };
		4AD3C371200ADC1D00326BB2 /* SelectionInfo.swift in Sources */ = {isa = PBXBuildFile; fileRef = 4AD3C370200ADC1D00326BB2 /* SelectionInfo.swift */; };
		4AD3C373200AE03300326BB2 /* Capability.swift in Sources */ = {isa = PBXBuildFile; fileRef = 4AD3C372200AE03300326BB2 /* Capability.swift */; };
		4AD3C374200AE03300326BB2 /* Capability.swift in Sources */ = {isa = PBXBuildFile; fileRef = 4AD3C372200AE03300326BB2 /* Capability.swift */; };
		4AD3C376200B045400326BB2 /* Namespace.swift in Sources */ = {isa = PBXBuildFile; fileRef = 4AD3C375200B045300326BB2 /* Namespace.swift */; };
		4AD3C377200B045400326BB2 /* Namespace.swift in Sources */ = {isa = PBXBuildFile; fileRef = 4AD3C375200B045300326BB2 /* Namespace.swift */; };
		4AD3C379200B0A1C00326BB2 /* Namespace+mailimap_namespace_data.swift in Sources */ = {isa = PBXBuildFile; fileRef = 4AD3C378200B0A1C00326BB2 /* Namespace+mailimap_namespace_data.swift */; };
		4AD3C37A200B0A1C00326BB2 /* Namespace+mailimap_namespace_data.swift in Sources */ = {isa = PBXBuildFile; fileRef = 4AD3C378200B0A1C00326BB2 /* Namespace+mailimap_namespace_data.swift */; };
		4AD3C37C200B160D00326BB2 /* Folder+mailimap_mailbox_list.swift in Sources */ = {isa = PBXBuildFile; fileRef = 4AD3C37B200B160D00326BB2 /* Folder+mailimap_mailbox_list.swift */; };
		4AD3C37D200B160D00326BB2 /* Folder+mailimap_mailbox_list.swift in Sources */ = {isa = PBXBuildFile; fileRef = 4AD3C37B200B160D00326BB2 /* Folder+mailimap_mailbox_list.swift */; };
		4AE3905920005FFE001D479F /* mailimap_msg_att_static+parse.swift in Sources */ = {isa = PBXBuildFile; fileRef = 4AE3905820005FFE001D479F /* mailimap_msg_att_static+parse.swift */; };
		4AE3905B200065B0001D479F /* mailimap_msg_att_body_section+parse.swift in Sources */ = {isa = PBXBuildFile; fileRef = 4AE3905A200065B0001D479F /* mailimap_msg_att_body_section+parse.swift */; };
		4AE3905D20006EC9001D479F /* MessageHeader+mailimf_fields.swift in Sources */ = {isa = PBXBuildFile; fileRef = 4AE3905C20006EC9001D479F /* MessageHeader+mailimf_fields.swift */; };
		4AE3905F200071D0001D479F /* MailPart+mailimap_body.swift in Sources */ = {isa = PBXBuildFile; fileRef = 4AE3905E200071D0001D479F /* MailPart+mailimap_body.swift */; };
		4AE3906320009650001D479F /* mailimap+fetch.swift in Sources */ = {isa = PBXBuildFile; fileRef = 4AE3906220009650001D479F /* mailimap+fetch.swift */; };
		4AE3906420009650001D479F /* mailimap+fetch.swift in Sources */ = {isa = PBXBuildFile; fileRef = 4AE3906220009650001D479F /* mailimap+fetch.swift */; };
		4AFF4F761FF5C0E800C2FC72 /* MailPart.swift in Sources */ = {isa = PBXBuildFile; fileRef = 4AFF4F751FF5C0E800C2FC72 /* MailPart.swift */; };
		4AFF4F771FF5C0E800C2FC72 /* MailPart.swift in Sources */ = {isa = PBXBuildFile; fileRef = 4AFF4F751FF5C0E800C2FC72 /* MailPart.swift */; };
		4AFF4F791FF5C10600C2FC72 /* Message.swift in Sources */ = {isa = PBXBuildFile; fileRef = 4AFF4F781FF5C10600C2FC72 /* Message.swift */; };
		4AFF4F7A1FF5C10600C2FC72 /* Message.swift in Sources */ = {isa = PBXBuildFile; fileRef = 4AFF4F781FF5C10600C2FC72 /* Message.swift */; };
		4AFF4F7C1FF5CAE300C2FC72 /* Folder.swift in Sources */ = {isa = PBXBuildFile; fileRef = 4AFF4F7B1FF5CAE300C2FC72 /* Folder.swift */; };
		4AFF4F7D1FF5CAE300C2FC72 /* Folder.swift in Sources */ = {isa = PBXBuildFile; fileRef = 4AFF4F7B1FF5CAE300C2FC72 /* Folder.swift */; };
		4AFF4FB61FF769AE00C2FC72 /* ImapSessionError.swift in Sources */ = {isa = PBXBuildFile; fileRef = 4AFF4FB51FF769AE00C2FC72 /* ImapSessionError.swift */; };
/* End PBXBuildFile section */

/* Begin PBXCopyFilesBuildPhase section */
		4A0EFAEE1FFDC5E6003AB1AD /* CopyFiles */ = {
			isa = PBXCopyFilesBuildPhase;
			buildActionMask = 2147483647;
			dstPath = include/libetpan;
			dstSubfolderSpec = 16;
			files = (
			);
			runOnlyForDeploymentPostprocessing = 0;
		};
/* End PBXCopyFilesBuildPhase section */

/* Begin PBXFileReference section */
		4A18B2E82000573700FA5BE3 /* mailimap_msg_att+parse.swift */ = {isa = PBXFileReference; lastKnownFileType = sourcecode.swift; path = "mailimap_msg_att+parse.swift"; sourceTree = "<group>"; };
		4A18B2EA20005A7000FA5BE3 /* MessageFlag+mailimap_msg_att_dynamic.swift */ = {isa = PBXFileReference; lastKnownFileType = sourcecode.swift; path = "MessageFlag+mailimap_msg_att_dynamic.swift"; sourceTree = "<group>"; };
		4A18B2EC20005A9200FA5BE3 /* mailimap_msg_att_dynamic+parse.swift */ = {isa = PBXFileReference; lastKnownFileType = sourcecode.swift; path = "mailimap_msg_att_dynamic+parse.swift"; sourceTree = "<group>"; };
		4A1D2F1320030F0A00955F78 /* Int32+Error.swift */ = {isa = PBXFileReference; lastKnownFileType = sourcecode.swift; path = "Int32+Error.swift"; sourceTree = "<group>"; };
		4A1D2F152003115C00955F78 /* MIMEError.swift */ = {isa = PBXFileReference; lastKnownFileType = sourcecode.swift; path = MIMEError.swift; sourceTree = "<group>"; };
		4A46061D1FFF67D900DE63E5 /* Sequence+.swift */ = {isa = PBXFileReference; lastKnownFileType = sourcecode.swift; path = "Sequence+.swift"; sourceTree = "<group>"; };
		4A46CE571FF2A12A00837B6A /* libiconv.tbd */ = {isa = PBXFileReference; lastKnownFileType = "sourcecode.text-based-dylib-definition"; name = libiconv.tbd; path = Platforms/iPhoneOS.platform/Developer/SDKs/iPhoneOS11.2.sdk/usr/lib/libiconv.tbd; sourceTree = DEVELOPER_DIR; };
		4A49B46D2001E2C0004941CC /* MailPart+util.swift */ = {isa = PBXFileReference; lastKnownFileType = sourcecode.swift; path = "MailPart+util.swift"; sourceTree = "<group>"; };
		4A4B82061FF3863400D3C072 /* MessageFlags.swift */ = {isa = PBXFileReference; lastKnownFileType = sourcecode.swift; path = MessageFlags.swift; sourceTree = "<group>"; };
		4A773FA720004D5D000ECF50 /* Message+mailimap_msg_att.swift */ = {isa = PBXFileReference; lastKnownFileType = sourcecode.swift; path = "Message+mailimap_msg_att.swift"; sourceTree = "<group>"; };
		4AD0335D1FEE142D00084911 /* Pelican.framework */ = {isa = PBXFileReference; explicitFileType = wrapper.framework; includeInIndex = 0; path = Pelican.framework; sourceTree = BUILT_PRODUCTS_DIR; };
		4AD033601FEE142D00084911 /* Pelican_iOS.h */ = {isa = PBXFileReference; lastKnownFileType = sourcecode.c.h; path = Pelican_iOS.h; sourceTree = "<group>"; };
		4AD033611FEE142D00084911 /* Info.plist */ = {isa = PBXFileReference; lastKnownFileType = text.plist.xml; path = Info.plist; sourceTree = "<group>"; };
		4AD0336B1FEE14A100084911 /* Pelican.framework */ = {isa = PBXFileReference; explicitFileType = wrapper.framework; includeInIndex = 0; path = Pelican.framework; sourceTree = BUILT_PRODUCTS_DIR; };
		4AD0336D1FEE14A100084911 /* Pelican_macOS.h */ = {isa = PBXFileReference; lastKnownFileType = sourcecode.c.h; path = Pelican_macOS.h; sourceTree = "<group>"; };
		4AD0336E1FEE14A100084911 /* Info.plist */ = {isa = PBXFileReference; lastKnownFileType = text.plist.xml; path = Info.plist; sourceTree = "<group>"; };
		4AD033741FEE14FC00084911 /* ImapSession.swift */ = {isa = PBXFileReference; lastKnownFileType = sourcecode.swift; path = ImapSession.swift; sourceTree = "<group>"; };
		4AD0337D1FEE341C00084911 /* libz.tbd */ = {isa = PBXFileReference; lastKnownFileType = "sourcecode.text-based-dylib-definition"; name = libz.tbd; path = Platforms/iPhoneOS.platform/Developer/SDKs/iPhoneOS11.2.sdk/usr/lib/libz.tbd; sourceTree = DEVELOPER_DIR; };
		4AD033A71FEE3BAC00084911 /* libz.tbd */ = {isa = PBXFileReference; lastKnownFileType = "sourcecode.text-based-dylib-definition"; name = libz.tbd; path = usr/lib/libz.tbd; sourceTree = SDKROOT; };
		4AD033DA1FEEACE300084911 /* clist+utils.swift */ = {isa = PBXFileReference; lastKnownFileType = sourcecode.swift; path = "clist+utils.swift"; sourceTree = "<group>"; };
		4AD033DE1FEF755700084911 /* String+.swift */ = {isa = PBXFileReference; lastKnownFileType = sourcecode.swift; path = "String+.swift"; sourceTree = "<group>"; };
		4AD3C3662009A29200326BB2 /* SearchKey.swift */ = {isa = PBXFileReference; lastKnownFileType = sourcecode.swift; path = SearchKey.swift; sourceTree = "<group>"; };
		4AD3C36C2009DB2300326BB2 /* SearchCondition.swift */ = {isa = PBXFileReference; lastKnownFileType = sourcecode.swift; path = SearchCondition.swift; sourceTree = "<group>"; };
		4AD3C370200ADC1D00326BB2 /* SelectionInfo.swift */ = {isa = PBXFileReference; lastKnownFileType = sourcecode.swift; path = SelectionInfo.swift; sourceTree = "<group>"; };
		4AD3C372200AE03300326BB2 /* Capability.swift */ = {isa = PBXFileReference; lastKnownFileType = sourcecode.swift; path = Capability.swift; sourceTree = "<group>"; };
		4AD3C375200B045300326BB2 /* Namespace.swift */ = {isa = PBXFileReference; lastKnownFileType = sourcecode.swift; path = Namespace.swift; sourceTree = "<group>"; };
		4AD3C378200B0A1C00326BB2 /* Namespace+mailimap_namespace_data.swift */ = {isa = PBXFileReference; lastKnownFileType = sourcecode.swift; path = "Namespace+mailimap_namespace_data.swift"; sourceTree = "<group>"; };
		4AD3C37B200B160D00326BB2 /* Folder+mailimap_mailbox_list.swift */ = {isa = PBXFileReference; lastKnownFileType = sourcecode.swift; path = "Folder+mailimap_mailbox_list.swift"; sourceTree = "<group>"; };
		4AE3905820005FFE001D479F /* mailimap_msg_att_static+parse.swift */ = {isa = PBXFileReference; lastKnownFileType = sourcecode.swift; path = "mailimap_msg_att_static+parse.swift"; sourceTree = "<group>"; };
		4AE3905A200065B0001D479F /* mailimap_msg_att_body_section+parse.swift */ = {isa = PBXFileReference; lastKnownFileType = sourcecode.swift; path = "mailimap_msg_att_body_section+parse.swift"; sourceTree = "<group>"; };
		4AE3905C20006EC9001D479F /* MessageHeader+mailimf_fields.swift */ = {isa = PBXFileReference; lastKnownFileType = sourcecode.swift; path = "MessageHeader+mailimf_fields.swift"; sourceTree = "<group>"; };
		4AE3905E200071D0001D479F /* MailPart+mailimap_body.swift */ = {isa = PBXFileReference; lastKnownFileType = sourcecode.swift; path = "MailPart+mailimap_body.swift"; sourceTree = "<group>"; };
		4AE3906220009650001D479F /* mailimap+fetch.swift */ = {isa = PBXFileReference; lastKnownFileType = sourcecode.swift; path = "mailimap+fetch.swift"; sourceTree = "<group>"; };
		4AFF4F721FF5C0DB00C2FC72 /* MessageHeader.swift */ = {isa = PBXFileReference; lastKnownFileType = sourcecode.swift; path = MessageHeader.swift; sourceTree = "<group>"; };
		4AFF4F751FF5C0E800C2FC72 /* MailPart.swift */ = {isa = PBXFileReference; lastKnownFileType = sourcecode.swift; path = MailPart.swift; sourceTree = "<group>"; };
		4AFF4F781FF5C10600C2FC72 /* Message.swift */ = {isa = PBXFileReference; lastKnownFileType = sourcecode.swift; path = Message.swift; sourceTree = "<group>"; };
		4AFF4F7B1FF5CAE300C2FC72 /* Folder.swift */ = {isa = PBXFileReference; lastKnownFileType = sourcecode.swift; path = Folder.swift; sourceTree = "<group>"; };
		4AFF4FB51FF769AE00C2FC72 /* ImapSessionError.swift */ = {isa = PBXFileReference; lastKnownFileType = sourcecode.swift; path = ImapSessionError.swift; sourceTree = "<group>"; };
/* End PBXFileReference section */

/* Begin PBXFrameworksBuildPhase section */
		4AD033591FEE142D00084911 /* Frameworks */ = {
			isa = PBXFrameworksBuildPhase;
			buildActionMask = 2147483647;
			files = (
				4A46CE581FF2A12B00837B6A /* libiconv.tbd in Frameworks */,
				4AD0337E1FEE341C00084911 /* libz.tbd in Frameworks */,
			);
			runOnlyForDeploymentPostprocessing = 0;
		};
		4AD033671FEE14A100084911 /* Frameworks */ = {
			isa = PBXFrameworksBuildPhase;
			buildActionMask = 2147483647;
			files = (
				4AD033A81FEE3BAC00084911 /* libz.tbd in Frameworks */,
			);
			runOnlyForDeploymentPostprocessing = 0;
		};
/* End PBXFrameworksBuildPhase section */

/* Begin PBXGroup section */
		4A7C8A602001F84400BA42B0 /* util */ = {
			isa = PBXGroup;
			children = (
				4A49B46D2001E2C0004941CC /* MailPart+util.swift */,
			);
			path = util;
			sourceTree = "<group>";
		};
		4AD0334F1FEE139800084911 = {
			isa = PBXGroup;
			children = (
				4AD033561FEE13B800084911 /* Pelican */,
				4AD0335F1FEE142D00084911 /* Pelican iOS */,
				4AD0336C1FEE14A100084911 /* Pelican macOS */,
				4AD0335E1FEE142D00084911 /* Products */,
				4AD033761FEE2A0500084911 /* Frameworks */,
			);
			sourceTree = "<group>";
		};
		4AD033561FEE13B800084911 /* Pelican */ = {
			isa = PBXGroup;
			children = (
				4AD033731FEE14D900084911 /* imap */,
				4AFF4F711FF5C0B400C2FC72 /* type */,
				4AD033D91FEEACCB00084911 /* utils */,
			);
			path = Pelican;
			sourceTree = "<group>";
		};
		4AD0335E1FEE142D00084911 /* Products */ = {
			isa = PBXGroup;
			children = (
				4AD0335D1FEE142D00084911 /* Pelican.framework */,
				4AD0336B1FEE14A100084911 /* Pelican.framework */,
			);
			name = Products;
			sourceTree = "<group>";
		};
		4AD0335F1FEE142D00084911 /* Pelican iOS */ = {
			isa = PBXGroup;
			children = (
				4AD033601FEE142D00084911 /* Pelican_iOS.h */,
				4AD033611FEE142D00084911 /* Info.plist */,
			);
			path = "Pelican iOS";
			sourceTree = "<group>";
		};
		4AD0336C1FEE14A100084911 /* Pelican macOS */ = {
			isa = PBXGroup;
			children = (
				4AD0336D1FEE14A100084911 /* Pelican_macOS.h */,
				4AD0336E1FEE14A100084911 /* Info.plist */,
			);
			path = "Pelican macOS";
			sourceTree = "<group>";
		};
		4AD033731FEE14D900084911 /* imap */ = {
			isa = PBXGroup;
			children = (
				4AD033741FEE14FC00084911 /* ImapSession.swift */,
				4AD3C36C2009DB2300326BB2 /* SearchCondition.swift */,
				4AD3C3662009A29200326BB2 /* SearchKey.swift */,
				4AFF4FB51FF769AE00C2FC72 /* ImapSessionError.swift */,
				4A1D2F152003115C00955F78 /* MIMEError.swift */,
				4AE3906120009621001D479F /* etpan_type+utils */,
			);
			path = imap;
			sourceTree = "<group>";
		};
		4AD033761FEE2A0500084911 /* Frameworks */ = {
			isa = PBXGroup;
			children = (
				4A46CE571FF2A12A00837B6A /* libiconv.tbd */,
				4AD033A71FEE3BAC00084911 /* libz.tbd */,
				4AD0337D1FEE341C00084911 /* libz.tbd */,
			);
			name = Frameworks;
			sourceTree = "<group>";
		};
		4AD033D91FEEACCB00084911 /* utils */ = {
			isa = PBXGroup;
			children = (
				4A1D2F1320030F0A00955F78 /* Int32+Error.swift */,
				4AD033DE1FEF755700084911 /* String+.swift */,
				4A46061D1FFF67D900DE63E5 /* Sequence+.swift */,
			);
			path = utils;
			sourceTree = "<group>";
		};
		4AE39060200077A7001D479F /* type+etpan */ = {
			isa = PBXGroup;
			children = (
				4A773FA720004D5D000ECF50 /* Message+mailimap_msg_att.swift */,
				4A18B2EA20005A7000FA5BE3 /* MessageFlag+mailimap_msg_att_dynamic.swift */,
				4AE3905C20006EC9001D479F /* MessageHeader+mailimf_fields.swift */,
				4AE3905E200071D0001D479F /* MailPart+mailimap_body.swift */,
				4AD3C378200B0A1C00326BB2 /* Namespace+mailimap_namespace_data.swift */,
				4AD3C37B200B160D00326BB2 /* Folder+mailimap_mailbox_list.swift */,
			);
			path = "type+etpan";
			sourceTree = "<group>";
		};
		4AE3906120009621001D479F /* etpan_type+utils */ = {
			isa = PBXGroup;
			children = (
				4AD033DA1FEEACE300084911 /* clist+utils.swift */,
				4AE3906220009650001D479F /* mailimap+fetch.swift */,
				4A18B2E82000573700FA5BE3 /* mailimap_msg_att+parse.swift */,
				4A18B2EC20005A9200FA5BE3 /* mailimap_msg_att_dynamic+parse.swift */,
				4AE3905820005FFE001D479F /* mailimap_msg_att_static+parse.swift */,
				4AE3905A200065B0001D479F /* mailimap_msg_att_body_section+parse.swift */,
			);
			path = "etpan_type+utils";
			sourceTree = "<group>";
		};
		4AFF4F711FF5C0B400C2FC72 /* type */ = {
			isa = PBXGroup;
			children = (
				4AD3C372200AE03300326BB2 /* Capability.swift */,
				4AD3C375200B045300326BB2 /* Namespace.swift */,
				4AD3C370200ADC1D00326BB2 /* SelectionInfo.swift */,
				4AFF4F7B1FF5CAE300C2FC72 /* Folder.swift */,
				4AFF4F781FF5C10600C2FC72 /* Message.swift */,
				4A4B82061FF3863400D3C072 /* MessageFlags.swift */,
				4AFF4F721FF5C0DB00C2FC72 /* MessageHeader.swift */,
				4AFF4F751FF5C0E800C2FC72 /* MailPart.swift */,
				4A7C8A602001F84400BA42B0 /* util */,
				4AE39060200077A7001D479F /* type+etpan */,
			);
			path = type;
			sourceTree = "<group>";
		};
/* End PBXGroup section */

/* Begin PBXHeadersBuildPhase section */
		4AD0335A1FEE142D00084911 /* Headers */ = {
			isa = PBXHeadersBuildPhase;
			buildActionMask = 2147483647;
			files = (
				4AD033621FEE142D00084911 /* Pelican_iOS.h in Headers */,
			);
			runOnlyForDeploymentPostprocessing = 0;
		};
		4AD033681FEE14A100084911 /* Headers */ = {
			isa = PBXHeadersBuildPhase;
			buildActionMask = 2147483647;
			files = (
				4AD0336F1FEE14A100084911 /* Pelican_macOS.h in Headers */,
			);
			runOnlyForDeploymentPostprocessing = 0;
		};
/* End PBXHeadersBuildPhase section */

/* Begin PBXNativeTarget section */
		4AD0335C1FEE142D00084911 /* Pelican iOS */ = {
			isa = PBXNativeTarget;
			buildConfigurationList = 4AD033631FEE142D00084911 /* Build configuration list for PBXNativeTarget "Pelican iOS" */;
			buildPhases = (
				4AD033581FEE142D00084911 /* Sources */,
				4AD033591FEE142D00084911 /* Frameworks */,
				4AD0335A1FEE142D00084911 /* Headers */,
				4AD0335B1FEE142D00084911 /* Resources */,
				4A0EFAEE1FFDC5E6003AB1AD /* CopyFiles */,
			);
			buildRules = (
			);
			dependencies = (
			);
			name = "Pelican iOS";
			productName = "Pelican iOS";
			productReference = 4AD0335D1FEE142D00084911 /* Pelican.framework */;
			productType = "com.apple.product-type.framework";
		};
		4AD0336A1FEE14A100084911 /* Pelican macOS */ = {
			isa = PBXNativeTarget;
			buildConfigurationList = 4AD033701FEE14A100084911 /* Build configuration list for PBXNativeTarget "Pelican macOS" */;
			buildPhases = (
				4AD033661FEE14A100084911 /* Sources */,
				4AD033671FEE14A100084911 /* Frameworks */,
				4AD033681FEE14A100084911 /* Headers */,
				4AD033691FEE14A100084911 /* Resources */,
			);
			buildRules = (
			);
			dependencies = (
			);
			name = "Pelican macOS";
			productName = "Pelican macOS";
			productReference = 4AD0336B1FEE14A100084911 /* Pelican.framework */;
			productType = "com.apple.product-type.framework";
		};
/* End PBXNativeTarget section */

/* Begin PBXProject section */
		4AD033501FEE139800084911 /* Project object */ = {
			isa = PBXProject;
			attributes = {
				LastUpgradeCheck = 0920;
				TargetAttributes = {
					4AD0335C1FEE142D00084911 = {
						CreatedOnToolsVersion = 9.2;
						LastSwiftMigration = 0920;
						ProvisioningStyle = Automatic;
					};
					4AD0336A1FEE14A100084911 = {
						CreatedOnToolsVersion = 9.2;
						ProvisioningStyle = Automatic;
					};
				};
			};
			buildConfigurationList = 4AD033531FEE139800084911 /* Build configuration list for PBXProject "Pelican" */;
			compatibilityVersion = "Xcode 8.0";
			developmentRegion = en;
			hasScannedForEncodings = 0;
			knownRegions = (
				en,
			);
			mainGroup = 4AD0334F1FEE139800084911;
			productRefGroup = 4AD0335E1FEE142D00084911 /* Products */;
			projectDirPath = "";
			projectRoot = "";
			targets = (
				4AD0335C1FEE142D00084911 /* Pelican iOS */,
				4AD0336A1FEE14A100084911 /* Pelican macOS */,
			);
		};
/* End PBXProject section */

/* Begin PBXResourcesBuildPhase section */
		4AD0335B1FEE142D00084911 /* Resources */ = {
			isa = PBXResourcesBuildPhase;
			buildActionMask = 2147483647;
			files = (
			);
			runOnlyForDeploymentPostprocessing = 0;
		};
		4AD033691FEE14A100084911 /* Resources */ = {
			isa = PBXResourcesBuildPhase;
			buildActionMask = 2147483647;
			files = (
			);
			runOnlyForDeploymentPostprocessing = 0;
		};
/* End PBXResourcesBuildPhase section */

/* Begin PBXSourcesBuildPhase section */
		4AD033581FEE142D00084911 /* Sources */ = {
			isa = PBXSourcesBuildPhase;
			buildActionMask = 2147483647;
			files = (
				4A4B82071FF3863400D3C072 /* MessageFlags.swift in Sources */,
				4AD3C36D2009DB2300326BB2 /* SearchCondition.swift in Sources */,
				4AFF4F761FF5C0E800C2FC72 /* MailPart.swift in Sources */,
				4AD3C373200AE03300326BB2 /* Capability.swift in Sources */,
				4AFF4F7C1FF5CAE300C2FC72 /* Folder.swift in Sources */,
				4AD3C37C200B160D00326BB2 /* Folder+mailimap_mailbox_list.swift in Sources */,
				4AD033DB1FEEACE300084911 /* clist+utils.swift in Sources */,
				4AC69B621FFCB02E00341C83 /* MessageHeader.swift in Sources */,
				4A18B2EB20005A7000FA5BE3 /* MessageFlag+mailimap_msg_att_dynamic.swift in Sources */,
				4AE3905F200071D0001D479F /* MailPart+mailimap_body.swift in Sources */,
				4A18B2ED20005A9200FA5BE3 /* mailimap_msg_att_dynamic+parse.swift in Sources */,
				4A773FA820004D5D000ECF50 /* Message+mailimap_msg_att.swift in Sources */,
				4AD3C3672009A29200326BB2 /* SearchKey.swift in Sources */,
				4AFF4FB61FF769AE00C2FC72 /* ImapSessionError.swift in Sources */,
				4AE3905920005FFE001D479F /* mailimap_msg_att_static+parse.swift in Sources */,
				4AD033DF1FEF755700084911 /* String+.swift in Sources */,
				4AFF4F791FF5C10600C2FC72 /* Message.swift in Sources */,
				4A18B2E92000573700FA5BE3 /* mailimap_msg_att+parse.swift in Sources */,
				4AD033751FEE14FC00084911 /* ImapSession.swift in Sources */,
				4A46061E1FFF67D900DE63E5 /* Sequence+.swift in Sources */,
				4AD3C376200B045400326BB2 /* Namespace.swift in Sources */,
				4AE3905B200065B0001D479F /* mailimap_msg_att_body_section+parse.swift in Sources */,
				4AD3C379200B0A1C00326BB2 /* Namespace+mailimap_namespace_data.swift in Sources */,
				4A49B46E2001E2C0004941CC /* MailPart+util.swift in Sources */,
				4AD3C371200ADC1D00326BB2 /* SelectionInfo.swift in Sources */,
				4AE3906320009650001D479F /* mailimap+fetch.swift in Sources */,
				4A1D2F1420030F0A00955F78 /* Int32+Error.swift in Sources */,
				4A1D2F162003115C00955F78 /* MIMEError.swift in Sources */,
				4AE3905D20006EC9001D479F /* MessageHeader+mailimf_fields.swift in Sources */,
			);
			runOnlyForDeploymentPostprocessing = 0;
		};
		4AD033661FEE14A100084911 /* Sources */ = {
			isa = PBXSourcesBuildPhase;
			buildActionMask = 2147483647;
			files = (
				4AD3C36A2009A29A00326BB2 /* mailimap_msg_att_dynamic+parse.swift in Sources */,
				4AFF4F771FF5C0E800C2FC72 /* MailPart.swift in Sources */,
				4AC69B631FFCB03000341C83 /* MessageHeader.swift in Sources */,
				4AFF4F7D1FF5CAE300C2FC72 /* Folder.swift in Sources */,
				4AD3C37D200B160D00326BB2 /* Folder+mailimap_mailbox_list.swift in Sources */,
				4AFF4F7A1FF5C10600C2FC72 /* Message.swift in Sources */,
				4AD3C3682009A29A00326BB2 /* mailimap_msg_att_static+parse.swift in Sources */,
				4AC69B601FFCB01200341C83 /* MessageFlags.swift in Sources */,
				4AD3C377200B045400326BB2 /* Namespace.swift in Sources */,
				4AD3C36B2009A33200326BB2 /* clist+utils.swift in Sources */,
				4A18B2EE20005B6F00FA5BE3 /* mailimap_msg_att+parse.swift in Sources */,
				4AD033A41FEE3B2A00084911 /* ImapSession.swift in Sources */,
				4A773FA920004D5D000ECF50 /* Message+mailimap_msg_att.swift in Sources */,
				4AD3C374200AE03300326BB2 /* Capability.swift in Sources */,
				4AE3906420009650001D479F /* mailimap+fetch.swift in Sources */,
				4AD3C37A200B0A1C00326BB2 /* Namespace+mailimap_namespace_data.swift in Sources */,
				4AC69B611FFCB01900341C83 /* ImapSessionError.swift in Sources */,
				4AD3C3692009A29A00326BB2 /* mailimap_msg_att_body_section+parse.swift in Sources */,
			);
			runOnlyForDeploymentPostprocessing = 0;
		};
/* End PBXSourcesBuildPhase section */

/* Begin XCBuildConfiguration section */
		4AD033541FEE139800084911 /* Debug */ = {
			isa = XCBuildConfiguration;
			buildSettings = {
			};
			name = Debug;
		};
		4AD033551FEE139800084911 /* Release */ = {
			isa = XCBuildConfiguration;
			buildSettings = {
			};
			name = Release;
		};
		4AD033641FEE142D00084911 /* Debug */ = {
			isa = XCBuildConfiguration;
			buildSettings = {
				ALWAYS_SEARCH_USER_PATHS = NO;
				CLANG_ANALYZER_NONNULL = YES;
				CLANG_ANALYZER_NUMBER_OBJECT_CONVERSION = YES_AGGRESSIVE;
				CLANG_CXX_LANGUAGE_STANDARD = "gnu++14";
				CLANG_CXX_LIBRARY = "libc++";
				CLANG_ENABLE_MODULES = YES;
				CLANG_ENABLE_OBJC_ARC = YES;
				CLANG_WARN_BLOCK_CAPTURE_AUTORELEASING = YES;
				CLANG_WARN_BOOL_CONVERSION = YES;
				CLANG_WARN_COMMA = YES;
				CLANG_WARN_CONSTANT_CONVERSION = YES;
				CLANG_WARN_DIRECT_OBJC_ISA_USAGE = YES_ERROR;
				CLANG_WARN_DOCUMENTATION_COMMENTS = YES;
				CLANG_WARN_EMPTY_BODY = YES;
				CLANG_WARN_ENUM_CONVERSION = YES;
				CLANG_WARN_INFINITE_RECURSION = YES;
				CLANG_WARN_INT_CONVERSION = YES;
				CLANG_WARN_NON_LITERAL_NULL_CONVERSION = YES;
				CLANG_WARN_OBJC_LITERAL_CONVERSION = YES;
				CLANG_WARN_OBJC_ROOT_CLASS = YES_ERROR;
				CLANG_WARN_RANGE_LOOP_ANALYSIS = YES;
				CLANG_WARN_STRICT_PROTOTYPES = YES;
				CLANG_WARN_SUSPICIOUS_MOVE = YES;
				CLANG_WARN_UNGUARDED_AVAILABILITY = YES_AGGRESSIVE;
				CLANG_WARN_UNREACHABLE_CODE = YES;
				CLANG_WARN__DUPLICATE_METHOD_MATCH = YES;
				CODE_SIGN_IDENTITY = "iPhone Developer";
				CODE_SIGN_STYLE = Automatic;
				COPY_PHASE_STRIP = NO;
				CURRENT_PROJECT_VERSION = 1;
				DEBUG_INFORMATION_FORMAT = dwarf;
				DEFINES_MODULE = YES;
				DYLIB_COMPATIBILITY_VERSION = 1;
				DYLIB_CURRENT_VERSION = 1;
				DYLIB_INSTALL_NAME_BASE = "@rpath";
				ENABLE_STRICT_OBJC_MSGSEND = YES;
				ENABLE_TESTABILITY = YES;
				GCC_C_LANGUAGE_STANDARD = gnu11;
				GCC_DYNAMIC_NO_PIC = NO;
				GCC_NO_COMMON_BLOCKS = YES;
				GCC_OPTIMIZATION_LEVEL = 0;
				GCC_PREPROCESSOR_DEFINITIONS = (
					"DEBUG=1",
					"$(inherited)",
					"NO_MACROS=1",
				);
				GCC_WARN_64_TO_32_BIT_CONVERSION = YES;
				GCC_WARN_ABOUT_RETURN_TYPE = YES_ERROR;
				GCC_WARN_UNDECLARED_SELECTOR = YES;
				GCC_WARN_UNINITIALIZED_AUTOS = YES_AGGRESSIVE;
				GCC_WARN_UNUSED_FUNCTION = YES;
				GCC_WARN_UNUSED_VARIABLE = YES;
				HEADER_SEARCH_PATHS = (
					"$(inherited)",
					"$(PROJECT_DIR)/dependencies/build/ios/include",
				);
				INFOPLIST_FILE = "Pelican iOS/Info.plist";
				INSTALL_PATH = "$(LOCAL_LIBRARY_DIR)/Frameworks";
				IPHONEOS_DEPLOYMENT_TARGET = 11.2;
				LD_RUNPATH_SEARCH_PATHS = "$(inherited) @executable_path/Frameworks @loader_path/Frameworks";
				LIBRARY_SEARCH_PATHS = (
					"$(inherited)",
					"$(PROJECT_DIR)/dependencies/build/ios/lib",
				);
				MTL_ENABLE_DEBUG_INFO = YES;
				ONLY_ACTIVE_ARCH = YES;
				OTHER_LDFLAGS = (
					"-letpan",
					"-lsasl2",
				);
				PRODUCT_BUNDLE_IDENTIFIER = jp.ysn551.Pelican;
				PRODUCT_NAME = $PROJECT_NAME;
				SDKROOT = iphoneos;
				SKIP_INSTALL = YES;
				SWIFT_ACTIVE_COMPILATION_CONDITIONS = DEBUG;
				SWIFT_INCLUDE_PATHS = "$PROJECT_DIR/dependencies $(inherited)";
				SWIFT_OPTIMIZATION_LEVEL = "-Onone";
				SWIFT_VERSION = 4.0;
				SYSTEM_FRAMEWORK_SEARCH_PATHS = "";
				TARGETED_DEVICE_FAMILY = "1,2";
				VERSIONING_SYSTEM = "apple-generic";
				VERSION_INFO_PREFIX = "";
			};
			name = Debug;
		};
		4AD033651FEE142D00084911 /* Release */ = {
			isa = XCBuildConfiguration;
			buildSettings = {
				ALWAYS_SEARCH_USER_PATHS = NO;
				CLANG_ANALYZER_NONNULL = YES;
				CLANG_ANALYZER_NUMBER_OBJECT_CONVERSION = YES_AGGRESSIVE;
				CLANG_CXX_LANGUAGE_STANDARD = "gnu++14";
				CLANG_CXX_LIBRARY = "libc++";
				CLANG_ENABLE_MODULES = YES;
				CLANG_ENABLE_OBJC_ARC = YES;
				CLANG_WARN_BLOCK_CAPTURE_AUTORELEASING = YES;
				CLANG_WARN_BOOL_CONVERSION = YES;
				CLANG_WARN_COMMA = YES;
				CLANG_WARN_CONSTANT_CONVERSION = YES;
				CLANG_WARN_DIRECT_OBJC_ISA_USAGE = YES_ERROR;
				CLANG_WARN_DOCUMENTATION_COMMENTS = YES;
				CLANG_WARN_EMPTY_BODY = YES;
				CLANG_WARN_ENUM_CONVERSION = YES;
				CLANG_WARN_INFINITE_RECURSION = YES;
				CLANG_WARN_INT_CONVERSION = YES;
				CLANG_WARN_NON_LITERAL_NULL_CONVERSION = YES;
				CLANG_WARN_OBJC_LITERAL_CONVERSION = YES;
				CLANG_WARN_OBJC_ROOT_CLASS = YES_ERROR;
				CLANG_WARN_RANGE_LOOP_ANALYSIS = YES;
				CLANG_WARN_STRICT_PROTOTYPES = YES;
				CLANG_WARN_SUSPICIOUS_MOVE = YES;
				CLANG_WARN_UNGUARDED_AVAILABILITY = YES_AGGRESSIVE;
				CLANG_WARN_UNREACHABLE_CODE = YES;
				CLANG_WARN__DUPLICATE_METHOD_MATCH = YES;
				CODE_SIGN_IDENTITY = "iPhone Developer";
				CODE_SIGN_STYLE = Automatic;
				COPY_PHASE_STRIP = NO;
				CURRENT_PROJECT_VERSION = 1;
				DEBUG_INFORMATION_FORMAT = "dwarf-with-dsym";
				DEFINES_MODULE = YES;
				DYLIB_COMPATIBILITY_VERSION = 1;
				DYLIB_CURRENT_VERSION = 1;
				DYLIB_INSTALL_NAME_BASE = "@rpath";
				ENABLE_NS_ASSERTIONS = NO;
				ENABLE_STRICT_OBJC_MSGSEND = YES;
				GCC_C_LANGUAGE_STANDARD = gnu11;
				GCC_NO_COMMON_BLOCKS = YES;
				GCC_PREPROCESSOR_DEFINITIONS = "NO_MACROS=1";
				GCC_WARN_64_TO_32_BIT_CONVERSION = YES;
				GCC_WARN_ABOUT_RETURN_TYPE = YES_ERROR;
				GCC_WARN_UNDECLARED_SELECTOR = YES;
				GCC_WARN_UNINITIALIZED_AUTOS = YES_AGGRESSIVE;
				GCC_WARN_UNUSED_FUNCTION = YES;
				GCC_WARN_UNUSED_VARIABLE = YES;
				HEADER_SEARCH_PATHS = (
					"$(inherited)",
					"$(PROJECT_DIR)/dependencies/build/ios/include",
				);
				INFOPLIST_FILE = "Pelican iOS/Info.plist";
				INSTALL_PATH = "$(LOCAL_LIBRARY_DIR)/Frameworks";
				IPHONEOS_DEPLOYMENT_TARGET = 11.2;
				LD_RUNPATH_SEARCH_PATHS = "$(inherited) @executable_path/Frameworks @loader_path/Frameworks";
				LIBRARY_SEARCH_PATHS = (
					"$(inherited)",
					"$(PROJECT_DIR)/dependencies/build/ios/lib",
				);
				MTL_ENABLE_DEBUG_INFO = NO;
				OTHER_LDFLAGS = (
					"-letpan",
					"-lsasl2",
				);
				PRODUCT_BUNDLE_IDENTIFIER = jp.ysn551.Pelican;
				PRODUCT_NAME = $PROJECT_NAME;
				SDKROOT = iphoneos;
				SKIP_INSTALL = YES;
				SWIFT_ACTIVE_COMPILATION_CONDITIONS = "";
				SWIFT_INCLUDE_PATHS = "$PROJECT_DIR/dependencies $(inherited)";
				SWIFT_OPTIMIZATION_LEVEL = "-Owholemodule";
				SWIFT_VERSION = 4.0;
				SYSTEM_FRAMEWORK_SEARCH_PATHS = "";
				TARGETED_DEVICE_FAMILY = "1,2";
				VALIDATE_PRODUCT = YES;
				VERSIONING_SYSTEM = "apple-generic";
				VERSION_INFO_PREFIX = "";
			};
			name = Release;
		};
		4AD033711FEE14A100084911 /* Debug */ = {
			isa = XCBuildConfiguration;
			buildSettings = {
				ALWAYS_SEARCH_USER_PATHS = NO;
				CLANG_ANALYZER_NONNULL = YES;
				CLANG_ANALYZER_NUMBER_OBJECT_CONVERSION = YES_AGGRESSIVE;
				CLANG_CXX_LANGUAGE_STANDARD = "gnu++14";
				CLANG_CXX_LIBRARY = "libc++";
				CLANG_ENABLE_MODULES = YES;
				CLANG_ENABLE_OBJC_ARC = YES;
				CLANG_WARN_BLOCK_CAPTURE_AUTORELEASING = YES;
				CLANG_WARN_BOOL_CONVERSION = YES;
				CLANG_WARN_COMMA = YES;
				CLANG_WARN_CONSTANT_CONVERSION = YES;
				CLANG_WARN_DIRECT_OBJC_ISA_USAGE = YES_ERROR;
				CLANG_WARN_DOCUMENTATION_COMMENTS = YES;
				CLANG_WARN_EMPTY_BODY = YES;
				CLANG_WARN_ENUM_CONVERSION = YES;
				CLANG_WARN_INFINITE_RECURSION = YES;
				CLANG_WARN_INT_CONVERSION = YES;
				CLANG_WARN_NON_LITERAL_NULL_CONVERSION = YES;
				CLANG_WARN_OBJC_LITERAL_CONVERSION = YES;
				CLANG_WARN_OBJC_ROOT_CLASS = YES_ERROR;
				CLANG_WARN_RANGE_LOOP_ANALYSIS = YES;
				CLANG_WARN_STRICT_PROTOTYPES = YES;
				CLANG_WARN_SUSPICIOUS_MOVE = YES;
				CLANG_WARN_UNGUARDED_AVAILABILITY = YES_AGGRESSIVE;
				CLANG_WARN_UNREACHABLE_CODE = YES;
				CLANG_WARN__DUPLICATE_METHOD_MATCH = YES;
				CODE_SIGN_IDENTITY = "-";
				CODE_SIGN_STYLE = Automatic;
				COMBINE_HIDPI_IMAGES = YES;
				COPY_PHASE_STRIP = NO;
				CURRENT_PROJECT_VERSION = 1;
				DEBUG_INFORMATION_FORMAT = dwarf;
				DEFINES_MODULE = YES;
				DYLIB_COMPATIBILITY_VERSION = 1;
				DYLIB_CURRENT_VERSION = 1;
				DYLIB_INSTALL_NAME_BASE = "@rpath";
				ENABLE_STRICT_OBJC_MSGSEND = YES;
				ENABLE_TESTABILITY = YES;
				FRAMEWORK_VERSION = A;
				GCC_C_LANGUAGE_STANDARD = gnu11;
				GCC_DYNAMIC_NO_PIC = NO;
				GCC_NO_COMMON_BLOCKS = YES;
				GCC_OPTIMIZATION_LEVEL = 0;
				GCC_PREPROCESSOR_DEFINITIONS = (
					"DEBUG=1",
					"$(inherited)",
				);
				GCC_WARN_64_TO_32_BIT_CONVERSION = YES;
				GCC_WARN_ABOUT_RETURN_TYPE = YES_ERROR;
				GCC_WARN_UNDECLARED_SELECTOR = YES;
				GCC_WARN_UNINITIALIZED_AUTOS = YES_AGGRESSIVE;
				GCC_WARN_UNUSED_FUNCTION = YES;
				GCC_WARN_UNUSED_VARIABLE = YES;
				HEADER_SEARCH_PATHS = $PROJECT_DIR/dependencies/include;
				INFOPLIST_FILE = "Pelican macOS/Info.plist";
				INSTALL_PATH = "$(LOCAL_LIBRARY_DIR)/Frameworks";
				LD_RUNPATH_SEARCH_PATHS = "$(inherited) @executable_path/../Frameworks @loader_path/Frameworks";
				LIBRARY_SEARCH_PATHS = (
					"$(inherited)",
					"$(PROJECT_DIR)/dependencies/lib/macOS",
				);
				MACOSX_DEPLOYMENT_TARGET = 10.13;
				MTL_ENABLE_DEBUG_INFO = YES;
				ONLY_ACTIVE_ARCH = YES;
				PRODUCT_BUNDLE_IDENTIFIER = jp.ysn551.Pelican;
				PRODUCT_NAME = $PROJECT_NAME;
				SDKROOT = macosx;
				SKIP_INSTALL = YES;
				SWIFT_ACTIVE_COMPILATION_CONDITIONS = DEBUG;
				SWIFT_INCLUDE_PATHS = $PROJECT_DIR/dependencies/;
				SWIFT_OPTIMIZATION_LEVEL = "-Onone";
				SWIFT_VERSION = 4.0;
				VERSIONING_SYSTEM = "apple-generic";
				VERSION_INFO_PREFIX = "";
			};
			name = Debug;
		};
		4AD033721FEE14A100084911 /* Release */ = {
			isa = XCBuildConfiguration;
			buildSettings = {
				ALWAYS_SEARCH_USER_PATHS = NO;
				CLANG_ANALYZER_NONNULL = YES;
				CLANG_ANALYZER_NUMBER_OBJECT_CONVERSION = YES_AGGRESSIVE;
				CLANG_CXX_LANGUAGE_STANDARD = "gnu++14";
				CLANG_CXX_LIBRARY = "libc++";
				CLANG_ENABLE_MODULES = YES;
				CLANG_ENABLE_OBJC_ARC = YES;
				CLANG_WARN_BLOCK_CAPTURE_AUTORELEASING = YES;
				CLANG_WARN_BOOL_CONVERSION = YES;
				CLANG_WARN_COMMA = YES;
				CLANG_WARN_CONSTANT_CONVERSION = YES;
				CLANG_WARN_DIRECT_OBJC_ISA_USAGE = YES_ERROR;
				CLANG_WARN_DOCUMENTATION_COMMENTS = YES;
				CLANG_WARN_EMPTY_BODY = YES;
				CLANG_WARN_ENUM_CONVERSION = YES;
				CLANG_WARN_INFINITE_RECURSION = YES;
				CLANG_WARN_INT_CONVERSION = YES;
				CLANG_WARN_NON_LITERAL_NULL_CONVERSION = YES;
				CLANG_WARN_OBJC_LITERAL_CONVERSION = YES;
				CLANG_WARN_OBJC_ROOT_CLASS = YES_ERROR;
				CLANG_WARN_RANGE_LOOP_ANALYSIS = YES;
				CLANG_WARN_STRICT_PROTOTYPES = YES;
				CLANG_WARN_SUSPICIOUS_MOVE = YES;
				CLANG_WARN_UNGUARDED_AVAILABILITY = YES_AGGRESSIVE;
				CLANG_WARN_UNREACHABLE_CODE = YES;
				CLANG_WARN__DUPLICATE_METHOD_MATCH = YES;
				CODE_SIGN_IDENTITY = "-";
				CODE_SIGN_STYLE = Automatic;
				COMBINE_HIDPI_IMAGES = YES;
				COPY_PHASE_STRIP = NO;
				CURRENT_PROJECT_VERSION = 1;
				DEBUG_INFORMATION_FORMAT = "dwarf-with-dsym";
				DEFINES_MODULE = YES;
				DYLIB_COMPATIBILITY_VERSION = 1;
				DYLIB_CURRENT_VERSION = 1;
				DYLIB_INSTALL_NAME_BASE = "@rpath";
				ENABLE_NS_ASSERTIONS = NO;
				ENABLE_STRICT_OBJC_MSGSEND = YES;
				FRAMEWORK_VERSION = A;
				GCC_C_LANGUAGE_STANDARD = gnu11;
				GCC_NO_COMMON_BLOCKS = YES;
				GCC_WARN_64_TO_32_BIT_CONVERSION = YES;
				GCC_WARN_ABOUT_RETURN_TYPE = YES_ERROR;
				GCC_WARN_UNDECLARED_SELECTOR = YES;
				GCC_WARN_UNINITIALIZED_AUTOS = YES_AGGRESSIVE;
				GCC_WARN_UNUSED_FUNCTION = YES;
				GCC_WARN_UNUSED_VARIABLE = YES;
				HEADER_SEARCH_PATHS = $PROJECT_DIR/dependencies/include;
				INFOPLIST_FILE = "Pelican macOS/Info.plist";
				INSTALL_PATH = "$(LOCAL_LIBRARY_DIR)/Frameworks";
				LD_RUNPATH_SEARCH_PATHS = "$(inherited) @executable_path/../Frameworks @loader_path/Frameworks";
				LIBRARY_SEARCH_PATHS = (
					"$(inherited)",
					"$(PROJECT_DIR)/dependencies/lib/macOS",
				);
				MACOSX_DEPLOYMENT_TARGET = 10.13;
				MTL_ENABLE_DEBUG_INFO = NO;
				PRODUCT_BUNDLE_IDENTIFIER = jp.ysn551.Pelican;
				PRODUCT_NAME = $PROJECT_NAME;
				SDKROOT = macosx;
				SKIP_INSTALL = YES;
				SWIFT_INCLUDE_PATHS = $PROJECT_DIR/dependencies/;
				SWIFT_OPTIMIZATION_LEVEL = "-Owholemodule";
				SWIFT_VERSION = 4.0;
				VERSIONING_SYSTEM = "apple-generic";
				VERSION_INFO_PREFIX = "";
			};
			name = Release;
		};
/* End XCBuildConfiguration section */

/* Begin XCConfigurationList section */
		4AD033531FEE139800084911 /* Build configuration list for PBXProject "Pelican" */ = {
			isa = XCConfigurationList;
			buildConfigurations = (
				4AD033541FEE139800084911 /* Debug */,
				4AD033551FEE139800084911 /* Release */,
			);
			defaultConfigurationIsVisible = 0;
			defaultConfigurationName = Release;
		};
		4AD033631FEE142D00084911 /* Build configuration list for PBXNativeTarget "Pelican iOS" */ = {
			isa = XCConfigurationList;
			buildConfigurations = (
				4AD033641FEE142D00084911 /* Debug */,
				4AD033651FEE142D00084911 /* Release */,
			);
			defaultConfigurationIsVisible = 0;
			defaultConfigurationName = Release;
		};
		4AD033701FEE14A100084911 /* Build configuration list for PBXNativeTarget "Pelican macOS" */ = {
			isa = XCConfigurationList;
			buildConfigurations = (
				4AD033711FEE14A100084911 /* Debug */,
				4AD033721FEE14A100084911 /* Release */,
			);
			defaultConfigurationIsVisible = 0;
			defaultConfigurationName = Release;
		};
/* End XCConfigurationList section */
	};
	rootObject = 4AD033501FEE139800084911 /* Project object */;
}
