// !$*UTF8*$!
{
	archiveVersion = 1;
	classes = {
	};
	objectVersion = 48;
	objects = {

/* Begin PBXBuildFile section */
		4AA1DE541FFDCCB100AC9FC7 /* OAuthClient.framework in Frameworks */ = {isa = PBXBuildFile; fileRef = 4AA1DE571FFDCCB100AC9FC7 /* OAuthClient.framework */; };
		4AA1DE551FFDCCB100AC9FC7 /* Pelican.framework in Frameworks */ = {isa = PBXBuildFile; fileRef = 4AA1DE581FFDCCB100AC9FC7 /* Pelican.framework */; };
		4AA1DE561FFDCCB100AC9FC7 /* Result.framework in Frameworks */ = {isa = PBXBuildFile; fileRef = 4AA1DE591FFDCCB100AC9FC7 /* Result.framework */; };
		4AA1DE5A1FFDCCCC00AC9FC7 /* OAuthClient.framework in Embed Frameworks */ = {isa = PBXBuildFile; fileRef = 4AA1DE571FFDCCB100AC9FC7 /* OAuthClient.framework */; settings = {ATTRIBUTES = (CodeSignOnCopy, RemoveHeadersOnCopy, ); }; };
		4AA1DE5B1FFDCCCC00AC9FC7 /* Pelican.framework in Embed Frameworks */ = {isa = PBXBuildFile; fileRef = 4AA1DE581FFDCCB100AC9FC7 /* Pelican.framework */; settings = {ATTRIBUTES = (CodeSignOnCopy, RemoveHeadersOnCopy, ); }; };
		4AA1DE5C1FFDCCCC00AC9FC7 /* Result.framework in Embed Frameworks */ = {isa = PBXBuildFile; fileRef = 4AA1DE591FFDCCB100AC9FC7 /* Result.framework */; settings = {ATTRIBUTES = (CodeSignOnCopy, RemoveHeadersOnCopy, ); }; };
		4AA1DE5E1FFE101E00AC9FC7 /* MessageDetailViewController.swift in Sources */ = {isa = PBXBuildFile; fileRef = 4AA1DE5D1FFE101E00AC9FC7 /* MessageDetailViewController.swift */; };
		4AA1DE621FFF2C5500AC9FC7 /* MessageBody.swift in Sources */ = {isa = PBXBuildFile; fileRef = 4AA1DE611FFF2C5500AC9FC7 /* MessageBody.swift */; };
		4AC69B6A1FFCD08900341C83 /* MessageCell.swift in Sources */ = {isa = PBXBuildFile; fileRef = 4AC69B681FFCD08900341C83 /* MessageCell.swift */; };
		4AD0338E1FEE38CA00084911 /* AppDelegate.swift in Sources */ = {isa = PBXBuildFile; fileRef = 4AD0338D1FEE38CA00084911 /* AppDelegate.swift */; };
		4AD033931FEE38CA00084911 /* Main.storyboard in Resources */ = {isa = PBXBuildFile; fileRef = 4AD033911FEE38CA00084911 /* Main.storyboard */; };
		4AD033951FEE38CA00084911 /* Assets.xcassets in Resources */ = {isa = PBXBuildFile; fileRef = 4AD033941FEE38CA00084911 /* Assets.xcassets */; };
		4AD033981FEE38CA00084911 /* LaunchScreen.storyboard in Resources */ = {isa = PBXBuildFile; fileRef = 4AD033961FEE38CA00084911 /* LaunchScreen.storyboard */; };
		4AD033D01FEE495200084911 /* Provider.plist in Resources */ = {isa = PBXBuildFile; fileRef = 4AD033CF1FEE495200084911 /* Provider.plist */; };
		4AD033D31FEE5ADF00084911 /* FolderListViewController.swift in Sources */ = {isa = PBXBuildFile; fileRef = 4AD033D11FEE5ADF00084911 /* FolderListViewController.swift */; };
		4AD033DD1FEF4D2400084911 /* MessageListViewController.swift in Sources */ = {isa = PBXBuildFile; fileRef = 4AD033DC1FEF4D2400084911 /* MessageListViewController.swift */; };
		4AD31D2F1FF9080F009A2CDB /* User.swift in Sources */ = {isa = PBXBuildFile; fileRef = 4AD31D2E1FF9080F009A2CDB /* User.swift */; };
		4AD31D311FF909B7009A2CDB /* Token+.swift in Sources */ = {isa = PBXBuildFile; fileRef = 4AD31D301FF909B7009A2CDB /* Token+.swift */; };
		4AD31D341FF9295C009A2CDB /* GmailConfiguration.swift in Sources */ = {isa = PBXBuildFile; fileRef = 4AD31D331FF9295C009A2CDB /* GmailConfiguration.swift */; };
		4AD31D361FF92B93009A2CDB /* Configuration.swift in Sources */ = {isa = PBXBuildFile; fileRef = 4AD31D351FF92B93009A2CDB /* Configuration.swift */; };
		4AD31D381FF92BC6009A2CDB /* AppConfiguration.swift in Sources */ = {isa = PBXBuildFile; fileRef = 4AD31D371FF92BC6009A2CDB /* AppConfiguration.swift */; };
		4AD31D3A1FF9D610009A2CDB /* AuthorizaionSession+State.swift in Sources */ = {isa = PBXBuildFile; fileRef = 4AD31D391FF9D610009A2CDB /* AuthorizaionSession+State.swift */; };
		4AFF4FB81FF77E6600C2FC72 /* RootViewController.swift in Sources */ = {isa = PBXBuildFile; fileRef = 4AFF4FB71FF77E6600C2FC72 /* RootViewController.swift */; };
		4AFF4FBC1FF77F0B00C2FC72 /* AuthorizationSessionViewController.swift in Sources */ = {isa = PBXBuildFile; fileRef = 4AFF4FBA1FF77F0B00C2FC72 /* AuthorizationSessionViewController.swift */; };
		4AFF4FBD1FF77F0B00C2FC72 /* AuthorizationSessionViewController.xib in Resources */ = {isa = PBXBuildFile; fileRef = 4AFF4FBB1FF77F0B00C2FC72 /* AuthorizationSessionViewController.xib */; };
		4AFF4FC01FF77F2C00C2FC72 /* ImapSession.storyboard in Resources */ = {isa = PBXBuildFile; fileRef = 4AFF4FBF1FF77F2C00C2FC72 /* ImapSession.storyboard */; };
		4AFF4FC21FF77F4F00C2FC72 /* ImapSessionViewController.swift in Sources */ = {isa = PBXBuildFile; fileRef = 4AFF4FC11FF77F4F00C2FC72 /* ImapSessionViewController.swift */; };
		4AFF4FC61FF78BDE00C2FC72 /* AuthorizationSession.swift in Sources */ = {isa = PBXBuildFile; fileRef = 4AFF4FC51FF78BDE00C2FC72 /* AuthorizationSession.swift */; };
		4AFF4FC91FF7C5F000C2FC72 /* StoredData.swift in Sources */ = {isa = PBXBuildFile; fileRef = 4AFF4FC81FF7C5F000C2FC72 /* StoredData.swift */; };
		4AFF4FCB1FF7E84200C2FC72 /* Paths.swift in Sources */ = {isa = PBXBuildFile; fileRef = 4AFF4FCA1FF7E84200C2FC72 /* Paths.swift */; };
		4AFF4FCE1FF7F2E900C2FC72 /* File.swift in Sources */ = {isa = PBXBuildFile; fileRef = 4AFF4FCD1FF7F2E900C2FC72 /* File.swift */; };
/* End PBXBuildFile section */

/* Begin PBXCopyFilesBuildPhase section */
		4AA1DE411FFDCA9000AC9FC7 /* Embed Frameworks */ = {
			isa = PBXCopyFilesBuildPhase;
			buildActionMask = 2147483647;
			dstPath = "";
			dstSubfolderSpec = 10;
			files = (
				4AA1DE5A1FFDCCCC00AC9FC7 /* OAuthClient.framework in Embed Frameworks */,
				4AA1DE5B1FFDCCCC00AC9FC7 /* Pelican.framework in Embed Frameworks */,
				4AA1DE5C1FFDCCCC00AC9FC7 /* Result.framework in Embed Frameworks */,
			);
			name = "Embed Frameworks";
			runOnlyForDeploymentPostprocessing = 0;
		};
/* End PBXCopyFilesBuildPhase section */

/* Begin PBXFileReference section */
		4AA1DE571FFDCCB100AC9FC7 /* OAuthClient.framework */ = {isa = PBXFileReference; explicitFileType = wrapper.framework; path = OAuthClient.framework; sourceTree = BUILT_PRODUCTS_DIR; };
		4AA1DE581FFDCCB100AC9FC7 /* Pelican.framework */ = {isa = PBXFileReference; explicitFileType = wrapper.framework; path = Pelican.framework; sourceTree = BUILT_PRODUCTS_DIR; };
		4AA1DE591FFDCCB100AC9FC7 /* Result.framework */ = {isa = PBXFileReference; explicitFileType = wrapper.framework; path = Result.framework; sourceTree = BUILT_PRODUCTS_DIR; };
		4AA1DE5D1FFE101E00AC9FC7 /* MessageDetailViewController.swift */ = {isa = PBXFileReference; lastKnownFileType = sourcecode.swift; path = MessageDetailViewController.swift; sourceTree = "<group>"; };
		4AA1DE611FFF2C5500AC9FC7 /* MessageBody.swift */ = {isa = PBXFileReference; fileEncoding = 4; lastKnownFileType = sourcecode.swift; path = MessageBody.swift; sourceTree = "<group>"; };
		4AC69B681FFCD08900341C83 /* MessageCell.swift */ = {isa = PBXFileReference; lastKnownFileType = sourcecode.swift; path = MessageCell.swift; sourceTree = "<group>"; };
		4AD0338A1FEE38CA00084911 /* PelicanDemo iOS.app */ = {isa = PBXFileReference; explicitFileType = wrapper.application; includeInIndex = 0; path = "PelicanDemo iOS.app"; sourceTree = BUILT_PRODUCTS_DIR; };
		4AD0338D1FEE38CA00084911 /* AppDelegate.swift */ = {isa = PBXFileReference; lastKnownFileType = sourcecode.swift; path = AppDelegate.swift; sourceTree = "<group>"; };
		4AD033921FEE38CA00084911 /* Base */ = {isa = PBXFileReference; lastKnownFileType = file.storyboard; name = Base; path = Base.lproj/Main.storyboard; sourceTree = "<group>"; };
		4AD033941FEE38CA00084911 /* Assets.xcassets */ = {isa = PBXFileReference; lastKnownFileType = folder.assetcatalog; path = Assets.xcassets; sourceTree = "<group>"; };
		4AD033971FEE38CA00084911 /* Base */ = {isa = PBXFileReference; lastKnownFileType = file.storyboard; name = Base; path = Base.lproj/LaunchScreen.storyboard; sourceTree = "<group>"; };
		4AD033991FEE38CA00084911 /* Info.plist */ = {isa = PBXFileReference; lastKnownFileType = text.plist.xml; path = Info.plist; sourceTree = "<group>"; };
		4AD033CF1FEE495200084911 /* Provider.plist */ = {isa = PBXFileReference; lastKnownFileType = text.plist.xml; path = Provider.plist; sourceTree = "<group>"; };
		4AD033D11FEE5ADF00084911 /* FolderListViewController.swift */ = {isa = PBXFileReference; lastKnownFileType = sourcecode.swift; path = FolderListViewController.swift; sourceTree = "<group>"; };
		4AD033DC1FEF4D2400084911 /* MessageListViewController.swift */ = {isa = PBXFileReference; lastKnownFileType = sourcecode.swift; path = MessageListViewController.swift; sourceTree = "<group>"; };
		4AD31D2E1FF9080F009A2CDB /* User.swift */ = {isa = PBXFileReference; lastKnownFileType = sourcecode.swift; path = User.swift; sourceTree = "<group>"; };
		4AD31D301FF909B7009A2CDB /* Token+.swift */ = {isa = PBXFileReference; lastKnownFileType = sourcecode.swift; path = "Token+.swift"; sourceTree = "<group>"; };
		4AD31D331FF9295C009A2CDB /* GmailConfiguration.swift */ = {isa = PBXFileReference; lastKnownFileType = sourcecode.swift; path = GmailConfiguration.swift; sourceTree = "<group>"; };
		4AD31D351FF92B93009A2CDB /* Configuration.swift */ = {isa = PBXFileReference; lastKnownFileType = sourcecode.swift; path = Configuration.swift; sourceTree = "<group>"; };
		4AD31D371FF92BC6009A2CDB /* AppConfiguration.swift */ = {isa = PBXFileReference; lastKnownFileType = sourcecode.swift; path = AppConfiguration.swift; sourceTree = "<group>"; };
		4AD31D391FF9D610009A2CDB /* AuthorizaionSession+State.swift */ = {isa = PBXFileReference; lastKnownFileType = sourcecode.swift; path = "AuthorizaionSession+State.swift"; sourceTree = "<group>"; };
		4AFF4FB71FF77E6600C2FC72 /* RootViewController.swift */ = {isa = PBXFileReference; lastKnownFileType = sourcecode.swift; path = RootViewController.swift; sourceTree = "<group>"; };
		4AFF4FBA1FF77F0B00C2FC72 /* AuthorizationSessionViewController.swift */ = {isa = PBXFileReference; lastKnownFileType = sourcecode.swift; path = AuthorizationSessionViewController.swift; sourceTree = "<group>"; };
		4AFF4FBB1FF77F0B00C2FC72 /* AuthorizationSessionViewController.xib */ = {isa = PBXFileReference; lastKnownFileType = file.xib; path = AuthorizationSessionViewController.xib; sourceTree = "<group>"; };
		4AFF4FBF1FF77F2C00C2FC72 /* ImapSession.storyboard */ = {isa = PBXFileReference; lastKnownFileType = file.storyboard; path = ImapSession.storyboard; sourceTree = "<group>"; };
		4AFF4FC11FF77F4F00C2FC72 /* ImapSessionViewController.swift */ = {isa = PBXFileReference; lastKnownFileType = sourcecode.swift; path = ImapSessionViewController.swift; sourceTree = "<group>"; };
		4AFF4FC51FF78BDE00C2FC72 /* AuthorizationSession.swift */ = {isa = PBXFileReference; lastKnownFileType = sourcecode.swift; path = AuthorizationSession.swift; sourceTree = "<group>"; };
		4AFF4FC81FF7C5F000C2FC72 /* StoredData.swift */ = {isa = PBXFileReference; lastKnownFileType = sourcecode.swift; path = StoredData.swift; sourceTree = "<group>"; };
		4AFF4FCA1FF7E84200C2FC72 /* Paths.swift */ = {isa = PBXFileReference; lastKnownFileType = sourcecode.swift; path = Paths.swift; sourceTree = "<group>"; };
		4AFF4FCD1FF7F2E900C2FC72 /* File.swift */ = {isa = PBXFileReference; lastKnownFileType = sourcecode.swift; path = File.swift; sourceTree = "<group>"; };
/* End PBXFileReference section */

/* Begin PBXFrameworksBuildPhase section */
		4AD033871FEE38CA00084911 /* Frameworks */ = {
			isa = PBXFrameworksBuildPhase;
			buildActionMask = 2147483647;
			files = (
				4AA1DE541FFDCCB100AC9FC7 /* OAuthClient.framework in Frameworks */,
				4AA1DE551FFDCCB100AC9FC7 /* Pelican.framework in Frameworks */,
				4AA1DE561FFDCCB100AC9FC7 /* Result.framework in Frameworks */,
			);
			runOnlyForDeploymentPostprocessing = 0;
		};
/* End PBXFrameworksBuildPhase section */

/* Begin PBXGroup section */
		4AD0337F1FEE38A500084911 = {
			isa = PBXGroup;
			children = (
				4AD0338C1FEE38CA00084911 /* PelicanDemo iOS */,
				4AD0338B1FEE38CA00084911 /* Products */,
				4AD0339D1FEE3A8A00084911 /* Frameworks */,
			);
			sourceTree = "<group>";
		};
		4AD0338B1FEE38CA00084911 /* Products */ = {
			isa = PBXGroup;
			children = (
				4AD0338A1FEE38CA00084911 /* PelicanDemo iOS.app */,
			);
			name = Products;
			sourceTree = "<group>";
		};
		4AD0338C1FEE38CA00084911 /* PelicanDemo iOS */ = {
			isa = PBXGroup;
			children = (
				4AD033911FEE38CA00084911 /* Main.storyboard */,
				4AD0338D1FEE38CA00084911 /* AppDelegate.swift */,
				4AFF4FB71FF77E6600C2FC72 /* RootViewController.swift */,
				4AFF4FCC1FF7F2C700C2FC72 /* Managers */,
				4AFF4FC71FF7C58700C2FC72 /* Type */,
				4AFF4FB91FF77EE500C2FC72 /* AuthorizationSession */,
				4AFF4FBE1FF77F1300C2FC72 /* ImapSession */,
				4AD033941FEE38CA00084911 /* Assets.xcassets */,
				4AD033961FEE38CA00084911 /* LaunchScreen.storyboard */,
				4AD033991FEE38CA00084911 /* Info.plist */,
				4AD033CF1FEE495200084911 /* Provider.plist */,
			);
			path = "PelicanDemo iOS";
			sourceTree = "<group>";
		};
		4AD0339D1FEE3A8A00084911 /* Frameworks */ = {
			isa = PBXGroup;
			children = (
				4AA1DE571FFDCCB100AC9FC7 /* OAuthClient.framework */,
				4AA1DE581FFDCCB100AC9FC7 /* Pelican.framework */,
				4AA1DE591FFDCCB100AC9FC7 /* Result.framework */,
			);
			name = Frameworks;
			sourceTree = "<group>";
		};
		4AD31D321FF92929009A2CDB /* Configurations */ = {
			isa = PBXGroup;
			children = (
				4AD31D371FF92BC6009A2CDB /* AppConfiguration.swift */,
				4AD31D331FF9295C009A2CDB /* GmailConfiguration.swift */,
			);
			path = Configurations;
			sourceTree = "<group>";
		};
		4AFF4FB91FF77EE500C2FC72 /* AuthorizationSession */ = {
			isa = PBXGroup;
			children = (
				4AFF4FC51FF78BDE00C2FC72 /* AuthorizationSession.swift */,
				4AD31D391FF9D610009A2CDB /* AuthorizaionSession+State.swift */,
				4AFF4FBA1FF77F0B00C2FC72 /* AuthorizationSessionViewController.swift */,
				4AFF4FBB1FF77F0B00C2FC72 /* AuthorizationSessionViewController.xib */,
			);
			path = AuthorizationSession;
			sourceTree = "<group>";
		};
		4AFF4FBE1FF77F1300C2FC72 /* ImapSession */ = {
			isa = PBXGroup;
			children = (
				4AFF4FBF1FF77F2C00C2FC72 /* ImapSession.storyboard */,
				4AFF4FC11FF77F4F00C2FC72 /* ImapSessionViewController.swift */,
				4AD033D11FEE5ADF00084911 /* FolderListViewController.swift */,
				4AD033DC1FEF4D2400084911 /* MessageListViewController.swift */,
				4AC69B681FFCD08900341C83 /* MessageCell.swift */,
				4AA1DE5D1FFE101E00AC9FC7 /* MessageDetailViewController.swift */,
				4AA1DE611FFF2C5500AC9FC7 /* MessageBody.swift */,
			);
			path = ImapSession;
			sourceTree = "<group>";
		};
		4AFF4FC71FF7C58700C2FC72 /* Type */ = {
			isa = PBXGroup;
			children = (
				4AFF4FCD1FF7F2E900C2FC72 /* File.swift */,
				4AD31D2E1FF9080F009A2CDB /* User.swift */,
				4AD31D301FF909B7009A2CDB /* Token+.swift */,
			);
			path = Type;
			sourceTree = "<group>";
		};
		4AFF4FCC1FF7F2C700C2FC72 /* Managers */ = {
			isa = PBXGroup;
			children = (
				4AFF4FC81FF7C5F000C2FC72 /* StoredData.swift */,
				4AFF4FCA1FF7E84200C2FC72 /* Paths.swift */,
				4AD31D351FF92B93009A2CDB /* Configuration.swift */,
				4AD31D321FF92929009A2CDB /* Configurations */,
			);
			path = Managers;
			sourceTree = "<group>";
		};
/* End PBXGroup section */

/* Begin PBXNativeTarget section */
		4AD033891FEE38CA00084911 /* PelicanDemo iOS */ = {
			isa = PBXNativeTarget;
			buildConfigurationList = 4AD0339A1FEE38CA00084911 /* Build configuration list for PBXNativeTarget "PelicanDemo iOS" */;
			buildPhases = (
				4AD033861FEE38CA00084911 /* Sources */,
				4AD033871FEE38CA00084911 /* Frameworks */,
				4AD033881FEE38CA00084911 /* Resources */,
				4AA1DE411FFDCA9000AC9FC7 /* Embed Frameworks */,
			);
			buildRules = (
			);
			dependencies = (
			);
			name = "PelicanDemo iOS";
			productName = "PelicanDemo iOS";
			productReference = 4AD0338A1FEE38CA00084911 /* PelicanDemo iOS.app */;
			productType = "com.apple.product-type.application";
		};
/* End PBXNativeTarget section */

/* Begin PBXProject section */
		4AD033801FEE38A500084911 /* Project object */ = {
			isa = PBXProject;
			attributes = {
				LastSwiftUpdateCheck = 0920;
				LastUpgradeCheck = 0920;
				TargetAttributes = {
					4AD033891FEE38CA00084911 = {
						CreatedOnToolsVersion = 9.2;
						ProvisioningStyle = Automatic;
					};
				};
			};
			buildConfigurationList = 4AD033831FEE38A500084911 /* Build configuration list for PBXProject "PelicanDemo" */;
			compatibilityVersion = "Xcode 8.0";
			developmentRegion = en;
			hasScannedForEncodings = 0;
			knownRegions = (
				en,
				Base,
			);
			mainGroup = 4AD0337F1FEE38A500084911;
			productRefGroup = 4AD0338B1FEE38CA00084911 /* Products */;
			projectDirPath = "";
			projectRoot = "";
			targets = (
				4AD033891FEE38CA00084911 /* PelicanDemo iOS */,
			);
		};
/* End PBXProject section */

/* Begin PBXResourcesBuildPhase section */
		4AD033881FEE38CA00084911 /* Resources */ = {
			isa = PBXResourcesBuildPhase;
			buildActionMask = 2147483647;
			files = (
				4AFF4FC01FF77F2C00C2FC72 /* ImapSession.storyboard in Resources */,
				4AD033981FEE38CA00084911 /* LaunchScreen.storyboard in Resources */,
				4AD033951FEE38CA00084911 /* Assets.xcassets in Resources */,
				4AD033931FEE38CA00084911 /* Main.storyboard in Resources */,
				4AD033D01FEE495200084911 /* Provider.plist in Resources */,
				4AFF4FBD1FF77F0B00C2FC72 /* AuthorizationSessionViewController.xib in Resources */,
			);
			runOnlyForDeploymentPostprocessing = 0;
		};
/* End PBXResourcesBuildPhase section */

/* Begin PBXSourcesBuildPhase section */
		4AD033861FEE38CA00084911 /* Sources */ = {
			isa = PBXSourcesBuildPhase;
			buildActionMask = 2147483647;
			files = (
				4AD31D2F1FF9080F009A2CDB /* User.swift in Sources */,
				4AFF4FCE1FF7F2E900C2FC72 /* File.swift in Sources */,
				4AD31D3A1FF9D610009A2CDB /* AuthorizaionSession+State.swift in Sources */,
				4AD31D381FF92BC6009A2CDB /* AppConfiguration.swift in Sources */,
				4AA1DE5E1FFE101E00AC9FC7 /* MessageDetailViewController.swift in Sources */,
				4AD31D341FF9295C009A2CDB /* GmailConfiguration.swift in Sources */,
				4AA1DE621FFF2C5500AC9FC7 /* MessageBody.swift in Sources */,
				4AD31D311FF909B7009A2CDB /* Token+.swift in Sources */,
				4AFF4FC61FF78BDE00C2FC72 /* AuthorizationSession.swift in Sources */,
				4AD31D361FF92B93009A2CDB /* Configuration.swift in Sources */,
				4AFF4FB81FF77E6600C2FC72 /* RootViewController.swift in Sources */,
				4AD033D31FEE5ADF00084911 /* FolderListViewController.swift in Sources */,
				4AFF4FCB1FF7E84200C2FC72 /* Paths.swift in Sources */,
				4AFF4FC91FF7C5F000C2FC72 /* StoredData.swift in Sources */,
				4AFF4FC21FF77F4F00C2FC72 /* ImapSessionViewController.swift in Sources */,
				4AD033DD1FEF4D2400084911 /* MessageListViewController.swift in Sources */,
				4AFF4FBC1FF77F0B00C2FC72 /* AuthorizationSessionViewController.swift in Sources */,
				4AD0338E1FEE38CA00084911 /* AppDelegate.swift in Sources */,
				4AC69B6A1FFCD08900341C83 /* MessageCell.swift in Sources */,
			);
			runOnlyForDeploymentPostprocessing = 0;
		};
/* End PBXSourcesBuildPhase section */

/* Begin PBXVariantGroup section */
		4AD033911FEE38CA00084911 /* Main.storyboard */ = {
			isa = PBXVariantGroup;
			children = (
				4AD033921FEE38CA00084911 /* Base */,
			);
			name = Main.storyboard;
			sourceTree = "<group>";
		};
		4AD033961FEE38CA00084911 /* LaunchScreen.storyboard */ = {
			isa = PBXVariantGroup;
			children = (
				4AD033971FEE38CA00084911 /* Base */,
			);
			name = LaunchScreen.storyboard;
			sourceTree = "<group>";
		};
/* End PBXVariantGroup section */

/* Begin XCBuildConfiguration section */
		4AD033841FEE38A500084911 /* Debug */ = {
			isa = XCBuildConfiguration;
			buildSettings = {
			};
			name = Debug;
		};
		4AD033851FEE38A500084911 /* Release */ = {
			isa = XCBuildConfiguration;
			buildSettings = {
			};
			name = Release;
		};
		4AD0339B1FEE38CA00084911 /* Debug */ = {
			isa = XCBuildConfiguration;
			buildSettings = {
				ALWAYS_SEARCH_USER_PATHS = NO;
				ASSETCATALOG_COMPILER_APPICON_NAME = AppIcon;
				CLANG_ANALYZER_NONNULL = YES;
				CLANG_ANALYZER_NUMBER_OBJECT_CONVERSION = YES_AGGRESSIVE;
				CLANG_CXX_LANGUAGE_STANDARD = "gnu++14";
				CLANG_CXX_LIBRARY = "libc++";
				CLANG_ENABLE_MODULES = YES;
				CLANG_ENABLE_OBJC_ARC = YES;
				CLANG_WARN_BLOCK_CAPTURE_AUTORELEASING = YES;
				CLANG_WARN_BOOL_CONVERSION = YES;
				CLANG_WARN_COMMA = YES;
				CLANG_WARN_CONSTANT_CONVERSION = YES;
				CLANG_WARN_DIRECT_OBJC_ISA_USAGE = YES_ERROR;
				CLANG_WARN_DOCUMENTATION_COMMENTS = YES;
				CLANG_WARN_EMPTY_BODY = YES;
				CLANG_WARN_ENUM_CONVERSION = YES;
				CLANG_WARN_INFINITE_RECURSION = YES;
				CLANG_WARN_INT_CONVERSION = YES;
				CLANG_WARN_NON_LITERAL_NULL_CONVERSION = YES;
				CLANG_WARN_OBJC_LITERAL_CONVERSION = YES;
				CLANG_WARN_OBJC_ROOT_CLASS = YES_ERROR;
				CLANG_WARN_RANGE_LOOP_ANALYSIS = YES;
				CLANG_WARN_STRICT_PROTOTYPES = YES;
				CLANG_WARN_SUSPICIOUS_MOVE = YES;
				CLANG_WARN_UNGUARDED_AVAILABILITY = YES_AGGRESSIVE;
				CLANG_WARN_UNREACHABLE_CODE = YES;
				CLANG_WARN__DUPLICATE_METHOD_MATCH = YES;
				CODE_SIGN_IDENTITY = "iPhone Developer";
				CODE_SIGN_STYLE = Automatic;
				COPY_PHASE_STRIP = NO;
				DEBUG_INFORMATION_FORMAT = dwarf;
				DEVELOPMENT_TEAM = MGQ8Q35MV8;
				ENABLE_STRICT_OBJC_MSGSEND = YES;
				ENABLE_TESTABILITY = YES;
				FRAMEWORK_SEARCH_PATHS = (
					"$(inherited)",
					"$(PROJECT_DIR)/Carthage/Build/iOS",
				);
				GCC_C_LANGUAGE_STANDARD = gnu11;
				GCC_DYNAMIC_NO_PIC = NO;
				GCC_NO_COMMON_BLOCKS = YES;
				GCC_OPTIMIZATION_LEVEL = 0;
				GCC_PREPROCESSOR_DEFINITIONS = (
					"DEBUG=1",
					"$(inherited)",
				);
				GCC_WARN_64_TO_32_BIT_CONVERSION = YES;
				GCC_WARN_ABOUT_RETURN_TYPE = YES_ERROR;
				GCC_WARN_UNDECLARED_SELECTOR = YES;
				GCC_WARN_UNINITIALIZED_AUTOS = YES_AGGRESSIVE;
				GCC_WARN_UNUSED_FUNCTION = YES;
				GCC_WARN_UNUSED_VARIABLE = YES;
				HEADER_SEARCH_PATHS = "$(PROJECT_DIR)/../dependencies/build/ios/include";
				INFOPLIST_FILE = "PelicanDemo iOS/Info.plist";
				IPHONEOS_DEPLOYMENT_TARGET = 11.2;
				LD_RUNPATH_SEARCH_PATHS = "$(inherited) @executable_path/Frameworks";
				MTL_ENABLE_DEBUG_INFO = YES;
				ONLY_ACTIVE_ARCH = YES;
				PRODUCT_BUNDLE_IDENTIFIER = "jp.ysn551.PelicanDemo-iOS";
				PRODUCT_NAME = "$(TARGET_NAME)";
				SDKROOT = iphoneos;
				SWIFT_ACTIVE_COMPILATION_CONDITIONS = DEBUG;
				SWIFT_OPTIMIZATION_LEVEL = "-Onone";
				SWIFT_VERSION = 4.0;
				TARGETED_DEVICE_FAMILY = "1,2";
			};
			name = Debug;
		};
		4AD0339C1FEE38CA00084911 /* Release */ = {
			isa = XCBuildConfiguration;
			buildSettings = {
				ALWAYS_SEARCH_USER_PATHS = NO;
				ASSETCATALOG_COMPILER_APPICON_NAME = AppIcon;
				CLANG_ANALYZER_NONNULL = YES;
				CLANG_ANALYZER_NUMBER_OBJECT_CONVERSION = YES_AGGRESSIVE;
				CLANG_CXX_LANGUAGE_STANDARD = "gnu++14";
				CLANG_CXX_LIBRARY = "libc++";
				CLANG_ENABLE_MODULES = YES;
				CLANG_ENABLE_OBJC_ARC = YES;
				CLANG_WARN_BLOCK_CAPTURE_AUTORELEASING = YES;
				CLANG_WARN_BOOL_CONVERSION = YES;
				CLANG_WARN_COMMA = YES;
				CLANG_WARN_CONSTANT_CONVERSION = YES;
				CLANG_WARN_DIRECT_OBJC_ISA_USAGE = YES_ERROR;
				CLANG_WARN_DOCUMENTATION_COMMENTS = YES;
				CLANG_WARN_EMPTY_BODY = YES;
				CLANG_WARN_ENUM_CONVERSION = YES;
				CLANG_WARN_INFINITE_RECURSION = YES;
				CLANG_WARN_INT_CONVERSION = YES;
				CLANG_WARN_NON_LITERAL_NULL_CONVERSION = YES;
				CLANG_WARN_OBJC_LITERAL_CONVERSION = YES;
				CLANG_WARN_OBJC_ROOT_CLASS = YES_ERROR;
				CLANG_WARN_RANGE_LOOP_ANALYSIS = YES;
				CLANG_WARN_STRICT_PROTOTYPES = YES;
				CLANG_WARN_SUSPICIOUS_MOVE = YES;
				CLANG_WARN_UNGUARDED_AVAILABILITY = YES_AGGRESSIVE;
				CLANG_WARN_UNREACHABLE_CODE = YES;
				CLANG_WARN__DUPLICATE_METHOD_MATCH = YES;
				CODE_SIGN_IDENTITY = "iPhone Developer";
				CODE_SIGN_STYLE = Automatic;
				COPY_PHASE_STRIP = NO;
				DEBUG_INFORMATION_FORMAT = "dwarf-with-dsym";
				DEVELOPMENT_TEAM = MGQ8Q35MV8;
				ENABLE_NS_ASSERTIONS = NO;
				ENABLE_STRICT_OBJC_MSGSEND = YES;
				FRAMEWORK_SEARCH_PATHS = (
					"$(inherited)",
					"$(PROJECT_DIR)/Carthage/Build/iOS",
				);
				GCC_C_LANGUAGE_STANDARD = gnu11;
				GCC_NO_COMMON_BLOCKS = YES;
				GCC_WARN_64_TO_32_BIT_CONVERSION = YES;
				GCC_WARN_ABOUT_RETURN_TYPE = YES_ERROR;
				GCC_WARN_UNDECLARED_SELECTOR = YES;
				GCC_WARN_UNINITIALIZED_AUTOS = YES_AGGRESSIVE;
				GCC_WARN_UNUSED_FUNCTION = YES;
				GCC_WARN_UNUSED_VARIABLE = YES;
				HEADER_SEARCH_PATHS = "$(PROJECT_DIR)/../dependencies/build/ios/include";
				INFOPLIST_FILE = "PelicanDemo iOS/Info.plist";
				IPHONEOS_DEPLOYMENT_TARGET = 11.2;
				LD_RUNPATH_SEARCH_PATHS = "$(inherited) @executable_path/Frameworks";
				MTL_ENABLE_DEBUG_INFO = NO;
				PRODUCT_BUNDLE_IDENTIFIER = "jp.ysn551.PelicanDemo-iOS";
				PRODUCT_NAME = "$(TARGET_NAME)";
				SDKROOT = iphoneos;
				SWIFT_OPTIMIZATION_LEVEL = "-Owholemodule";
				SWIFT_VERSION = 4.0;
				TARGETED_DEVICE_FAMILY = "1,2";
				VALIDATE_PRODUCT = YES;
			};
			name = Release;
		};
/* End XCBuildConfiguration section */

/* Begin XCConfigurationList section */
		4AD033831FEE38A500084911 /* Build configuration list for PBXProject "PelicanDemo" */ = {
			isa = XCConfigurationList;
			buildConfigurations = (
				4AD033841FEE38A500084911 /* Debug */,
				4AD033851FEE38A500084911 /* Release */,
			);
			defaultConfigurationIsVisible = 0;
			defaultConfigurationName = Release;
		};
		4AD0339A1FEE38CA00084911 /* Build configuration list for PBXNativeTarget "PelicanDemo iOS" */ = {
			isa = XCConfigurationList;
			buildConfigurations = (
				4AD0339B1FEE38CA00084911 /* Debug */,
				4AD0339C1FEE38CA00084911 /* Release */,
			);
			defaultConfigurationIsVisible = 0;
			defaultConfigurationName = Release;
		};
/* End XCConfigurationList section */
	};
	rootObject = 4AD033801FEE38A500084911 /* Project object */;
}
